{
  "meteor": {},
  "dependencies": {
    "basePackages": {
      "filepicker": {},
      "impicker": {},
      "loadpicker": {}
    },
    "packages": {
      "filepicker": {
        "git": "https://github.com/Filepicker/meteor.git",
        "tag": "v0.3.0",
        "commit": "dcb6f3779e5fc105520ba06b0392e3a79c73a7e6"
      },
      "impicker": {
        "git": "https://github.com/wulx/impicker.git",
        "tag": "v1.1.2",
        "commit": "26f1b4a6ed8f90762c699ad845264ff1065e8ebb"
      },
      "loadpicker": {
        "git": "https://github.com/guido4000/loadpicker.git",
        "tag": "v1.0.0",
        "commit": "9f8aa83427b21e2d6279db3f018900bf09560352"
      }
    }
  }
}
