{
  "meteor": {},
  "dependencies": {
    "basePackages": {
      "mixpanel": {},
      "analyticsjs": {},
      "loadpicker": {},
      "filepicker": {}
    },
    "packages": {
      "mixpanel": {
        "git": "https://github.com/belisarius222/meteor-mixpanel.git",
        "tag": "v2.2.1",
        "commit": "4f93df31401f2f205b418e001a72e37844f68638"
      },
      "analyticsjs": {
        "git": "https://github.com/nate-strauser/meteor-analyticsjs.git",
        "tag": "v0.1.2",
        "commit": "aded6d80df1f801d02076adbb3d64685ebb00f00"
      },
      "loadpicker": {
        "git": "https://github.com/guido4000/loadpicker.git",
        "tag": "v1.0.0",
        "commit": "9f8aa83427b21e2d6279db3f018900bf09560352"
      },
      "filepicker": {
        "git": "https://github.com/Filepicker/meteor.git",
        "tag": "v0.3.0",
        "commit": "dcb6f3779e5fc105520ba06b0392e3a79c73a7e6"
      }
    }
  }
}
